PODS:
  - Amplitude (8.10.0):
    - AnalyticsConnector (~> 1.0.0)
  - Analytics (4.1.6)
  - AnalyticsConnector (1.0.0)
  - DatadogSDK (1.10.0)
  - LightweightCharts (3.2.0)
  - Segment-Amplitude (3.4.0):
    - Amplitude (~> 8.3)
    - Analytics

DEPENDENCIES:
  - DatadogSDK
  - LightweightCharts (~> 3.2.0)
  - Segment-Amplitude

SPEC REPOS:
  trunk:
    - Amplitude
    - Analytics
    - AnalyticsConnector
    - DatadogSDK
    - LightweightCharts
    - Segment-Amplitude

SPEC CHECKSUMS:
  Amplitude: 2904f346250510b9e19a4e2262017bcf1d4368f9
  Analytics: eefe524436f904b8bb3f8c8c3425280e43b34efc
  AnalyticsConnector: 4c386d5972ac9da86e22d668564dbbac97558754
  DatadogSDK: ffeb11d1b70bfae8f29c570be5d3222f96d00bc0
  LightweightCharts: 04cf1c18f24019889976b0de40bef2329916e020
  Segment-Amplitude: 5f56556d1ab809ce41b675ff7b31f7516e6d2b97

PODFILE CHECKSUM: da231c981b79edaebfdb0d812a8b3d41c7eac94e

COCOAPODS: 1.10.1
