PODS:
  - Amplitude (7.0.1)
  - Analytics (4.1.3)
  - LightweightCharts (3.2.0)
  - Segment-Amplitude (3.2.4):
    - Amplitude (~> 7.0.1)
    - Analytics

DEPENDENCIES:
  - LightweightCharts (~> 3.2.0)
  - Segment-Amplitude

SPEC REPOS:
  trunk:
    - Amplitude
    - Analytics
    - LightweightCharts
    - Segment-Amplitude

SPEC CHECKSUMS:
  Amplitude: 31a9038dca905b78294418ed277da9c2e07658ad
  Analytics: 4c01e3e19d4be86705bad6581a1c2aa5a15a9d22
  LightweightCharts: 04cf1c18f24019889976b0de40bef2329916e020
  Segment-Amplitude: f75f5fd7ba25f95914a4e93139c0a1737d17e44f

PODFILE CHECKSUM: 6bbe136e88d95497c22a910e0f35902151968a7a

COCOAPODS: 1.10.1
