PODS:
  - Amplitude (7.0.1)
  - Analytics (4.1.2)
  - Segment-Amplitude (3.2.3):
    - Amplitude (~> 7.0.1)
    - Analytics

DEPENDENCIES:
  - Segment-Amplitude

SPEC REPOS:
  trunk:
    - Amplitude
    - Analytics
    - Segment-Amplitude

SPEC CHECKSUMS:
  Amplitude: 31a9038dca905b78294418ed277da9c2e07658ad
  Analytics: 177da2c597aba83a6882b706ca6e0a071fd7cd26
  Segment-Amplitude: 79e13fa0aa58341212041f524f5f9679e40c23de

PODFILE CHECKSUM: 8de9a0cd5cda909feb05ee7b85ff5708417b3144

COCOAPODS: 1.9.3
